# dicode.lock — approval records, managed by the dicode daemon.
# Trust policy lives in dicode.yaml (approval:); this file records which
# content hash of each task is approved to run.
version: 3
mac: a8ac8eb1e30e719ee8a09fa40a023269dadccb6e65b3d7cfa977347bc5b77559
bootstrapped: true
tasks:
    auth/openrouter-oauth:
        hash: 501b2cd05ce778b468903ddcc05a32c9bedcc1676802be9e5bcda63f96915f0c
        approved_at: 2026-07-02T09:07:15.281541237Z
        approved_by: bootstrap
    buildin/ai-agent:
        hash: 3302383063c985409450051f93d66acd939d4849f3ecbe99aecbe33f0fd1c03c
        approved_at: 2026-08-19T14:21:46.344340919Z
        approved_by: builtin
    buildin/ai-agent-claude-cli:
        hash: 696ba091433a2a4d70f015fd59dbe8480d39efbe654197bfab0bf77b10a0905b
        approved_at: 2026-08-19T14:21:46.530975307Z
        approved_by: builtin
    buildin/alert:
        hash: 6822b5eca7553e99527e45b6ff690e4051b814fc50977b542d89822729640606
        approved_at: 2026-07-02T09:07:15.33118597Z
        approved_by: builtin
    buildin/audit-export-loki:
        hash: c3d123758ca468ca05471c83e0c99ccc4787924cd38ac6dd03c4fb3d7c7ef173
        approved_at: 2026-07-02T09:07:15.360436473Z
        approved_by: builtin
    buildin/auth-providers:
        hash: 58cdb867a4d0c71e2ea4e4d37d3f4436d683c71ea970968ec1f92a3a36ee2c4d
        approved_at: 2026-08-19T14:21:46.25308503Z
        approved_by: builtin
    buildin/auth-relay:
        hash: f952def46cb2ad814ceb8aa4f6c284784785ba6ba014b42d8d47dcff412e351b
        approved_at: 2026-08-19T14:21:46.798640603Z
        approved_by: builtin
    buildin/auth-start:
        hash: 2711bf307443044f6997d15c231a7d6a00c52d3f11b1cb56a1e7a00c2e7b9a8a
        approved_at: 2026-08-19T14:21:46.721556758Z
        approved_by: builtin
    buildin/auto-fix:
        hash: 0e7bf1aaf3dfe1e444965061f875edc6e265cd61ef53e13d7ed6d06bcd56d18a
        approved_at: 2026-08-19T14:21:46.52339651Z
        approved_by: builtin
    buildin/blob-storage:
        hash: 692a3b22df0b1b158b46a41685ee15e1a3aaf46239e74765a7e095be2b0636b7
        approved_at: 2026-07-02T09:07:15.333663644Z
        approved_by: builtin
    buildin/dev-clones-cleanup:
        hash: 5f027ffd3520e7421e11678525917f91508c36aa310228f01bdab6d7fa2ab477
        approved_at: 2026-08-19T14:21:46.749244437Z
        approved_by: builtin
    buildin/dicodai:
        hash: 115401d1d4d600f44dbeaf655d7af7c5461b0d7e4471a29b9c113bc3b6a95d25
        approved_at: 2026-08-19T14:21:46.784497047Z
        approved_by: builtin
    buildin/git-pr:
        hash: 157dd2f0b5dc0f54bbe9b8f52d7414af34c532f968f75781e39401e2e3066da1
        approved_at: 2026-08-19T14:21:46.50022658Z
        approved_by: builtin
    buildin/local-storage:
        hash: 3cdf7f2911997381e5c0ddf50c76fc556d9a620c31a745eaef69825a6f67fa57
        approved_at: 2026-08-19T14:21:46.357248228Z
        approved_by: builtin
    buildin/mcp:
        hash: 18bd9229c1e236415385b7db588884589e9fb37ed3ec71ee7139dacb2e26c8ea
        approved_at: 2026-07-02T09:07:15.331488403Z
        approved_by: builtin
    buildin/notifications:
        hash: b4af40478f1d550108472e807a678d3dc5e2265aefd51df30328cb26f31a17db
        approved_at: 2026-08-19T14:21:46.330179695Z
        approved_by: builtin
    buildin/relay-client:
        hash: 048e45495404c1bb2225d07f658994ed53824812ea72b732f51bedfbd3aa29f7
        approved_at: 2026-08-19T14:21:46.370101868Z
        approved_by: builtin
    buildin/relay-server:
        hash: c4d1c053558d2ca64f4734027f4a1ce56ff729f56b5cc6d8302c3e03b281a332
        approved_at: 2026-08-19T14:21:46.538313734Z
        approved_by: builtin
    buildin/relay-server-body:
        hash: a5b8d601a9b605773b0a1917335fdb7ec11ca6fed60076282b1fc72eedb6eba0
        approved_at: 2026-08-19T14:21:46.228786103Z
        approved_by: builtin
    buildin/run-inputs-cleanup:
        hash: 94caa86483c009edd09249153b02469bd204ffa5f1d41b12d0c612a2693c76d4
        approved_at: 2026-07-02T09:07:15.385113774Z
        approved_by: builtin
    buildin/secret-providers/doppler:
        hash: db5df1c382f6aa407713f4338d56372ab883afbe5540bd9d3cf9420e3d494a28
        approved_at: 2026-07-02T09:07:15.330530914Z
        approved_by: builtin
    buildin/temp-cleanup:
        hash: c95bd075970b1f5089314b1c212ec0beac6b65dbc4f4fbfcd3e09473fa78fad6
        approved_at: 2026-08-19T14:21:46.508533106Z
        approved_by: builtin
    buildin/tray:
        hash: 46a0c977a7407c91fd5ea19a2e0d78bfd9a32f23e1c93c41d99ba224f508b47a
        approved_at: 2026-08-19T14:21:46.546147937Z
        approved_by: builtin
    buildin/webui:
        hash: 228ff917ec603b8365782af008cfc908c88b5751e9f4a83e352b79ffc711a6a8
        approved_at: 2026-08-19T14:21:46.736822724Z
        approved_by: builtin
    examples/ai-agent-groq:
        hash: df4833976e96834b32a98b29255dce4f9db5586adedf42c8c4bc01e182ca75f4
        approved_at: 2026-07-02T09:07:15.290345575Z
        approved_by: bootstrap
    examples/ai-agent-ollama:
        hash: 339521980349d9aa0824ec22a77a9af971e7c1e694a62b8158d43aef39a46874
        approved_at: 2026-07-02T09:07:15.282779846Z
        approved_by: bootstrap
    examples/ai-agent-openai:
        hash: 16cc21b04c0a5cd4520e9b9a00a0944fe41c80274543674f39e829a2472fa572
        approved_at: 2026-07-02T09:07:15.283016285Z
        approved_by: bootstrap
    examples/ai-agent-openrouter:
        hash: 931bf4c3f5f5bce8b27ec0d0a3929dc8b46957897245a4a3fc878f5046d382b3
        approved_at: 2026-07-02T09:07:15.281839797Z
        approved_by: bootstrap
    examples/github-push-webhook:
        hash: 042d5cb37ab5326b9c47391dd4c1061a2000ac6ecf8c8db32f6cc3c669977f0d
        approved_at: 2026-07-02T09:07:15.282367242Z
        approved_by: bootstrap
    examples/github-stars:
        hash: ecc1c17a1e1599d029daec1cb11da7511c22c21db053ecb7bbf15a11184c9e25
        approved_at: 2026-07-02T09:07:15.306185076Z
        approved_by: bootstrap
    examples/github-stars-hook:
        hash: f7642f5b1dcf20d04516533389480116a7581e6d6d99065c2eda561c66eae78b
        approved_at: 2026-07-02T09:07:15.306874824Z
        approved_by: bootstrap
    examples/hello-cron:
        hash: aeeda0e9ea19b87ed5800412b5dbdd740bd65c1a853ac0ff071f60006f75a413
        approved_at: 2026-07-02T09:07:15.283189634Z
        approved_by: bootstrap
    examples/hello-docker:
        hash: 80b161052b274be2633570162d6f1feadd1b7a0794630104716da13372bd2d74
        approved_at: 2026-07-02T09:07:15.282053725Z
        approved_by: bootstrap
    examples/hello-podman:
        hash: f72dee3de203ee4328fd8329ffdd0eeb1ec2d3713b5cac713ce5680cafaf9f33
        approved_at: 2026-07-02T09:07:15.291108428Z
        approved_by: bootstrap
    examples/hello-python:
        hash: 4f068e33e591e315cbf752822a0c2f56531764d810a45df936e1d762765e083b
        approved_at: 2026-07-02T09:07:15.291407461Z
        approved_by: bootstrap
    examples/hello-webhook:
        hash: bb9a75f383f35911720b7e1235aff9a29dec0c09686b8639ecea13b23bc98662
        approved_at: 2026-07-02T09:07:15.28252865Z
        approved_by: bootstrap
    examples/nginx-start:
        hash: 3b1f3671c37296df1a04c421ab75cf78d2fbccdf9c5afc579497a22126d830d0
        approved_at: 2026-07-02T09:07:15.291692639Z
        approved_by: bootstrap
    examples/webhook-dashboard:
        hash: 17581bd70138220edfef57e04df50cfbfbafaf66c7cade7d2322c143b748cfa8
        approved_at: 2026-07-02T09:07:15.29079005Z
        approved_by: bootstrap
    examples/webhook-form:
        hash: dc129c812154c28551913cc63ed6a9bc861c06a766bf903e86ac8509a2edfebd
        approved_at: 2026-07-02T09:07:15.282221072Z
        approved_by: bootstrap
